# THIS IS AN AUTOGENERATED FILE. DO NOT EDIT THIS FILE DIRECTLY.
# yarn lockfile v1


"@types/camelcase@^0.0.30":
  version "0.0.30"
  resolved "https://registry.npmjs.org/@types/camelcase/-/camelcase-0.0.30.tgz#b17d7c016673bd9ebb11e1812d8732c319e5de3f"

camelcase@^4.1.0:
  version "4.1.0"
  resolved "https://registry.npm.biggersoft.com/camelcase/download/camelcase-4.1.0.tgz#d545635be1e33c542649c69173e5de6acfae34dd"

mobx@^3.2.1:
  version "3.2.1"
  resolved "https://registry.npm.biggersoft.com/mobx/download/mobx-3.2.1.tgz#6aeade0120cc3f78baa57195031630a0ae8f13cf"

tslint-microsoft-contrib@^5.0.1:
  version "5.0.1"
  resolved "https://registry.npm.biggersoft.com/tslint-microsoft-contrib/download/tslint-microsoft-contrib-5.0.1.tgz#328ee9c28d07cdf793293204c96e2ffab9221994"
  dependencies:
    tsutils "^1.4.0"

tsutils@^1.4.0:
  version "1.9.1"
  resolved "https://registry.npm.biggersoft.com/tsutils/download/tsutils-1.9.1.tgz#b9f9ab44e55af9681831d5f28d0aeeaf5c750cb0"

typescript@^2.4.2:
  version "2.4.2"
  resolved "https://registry.npm.biggersoft.com/typescript/download/typescript-2.4.2.tgz#f8395f85d459276067c988aa41837a8f82870844"

validator@^7.0.0:
  version "7.2.0"
  resolved "https://registry.npm.biggersoft.com/validator/download/validator-7.2.0.tgz#a63dcbaba51d4350bf8df20988e0d5a54d711791"
